
Microsoft Visual Studio Solution File, Format Version 12.00
# Visual Studio Version 16
VisualStudioVersion = 16.0.33529.622
MinimumVisualStudioVersion = 10.0.40219.1
Project("{8BC9CEB8-8B4A-11D0-8D11-00A0C91BC942}") = "CS201-Homework6_2", "CS201-Homework6_2\CS201-Homework6_2.vcxproj", "{A0A05BCF-88C6-4D70-AEBE-FC4CB3840F2A}"
EndProject
Global
	GlobalSection(SolutionConfigurationPlatforms) = preSolution
		Debug|x64 = Debug|x64
		Debug|x86 = Debug|x86
		Release|x64 = Release|x64
		Release|x86 = Release|x86
	EndGlobalSection
	GlobalSection(ProjectConfigurationPlatforms) = postSolution
		{A0A05BCF-88C6-4D70-AEBE-FC4CB3840F2A}.Debug|x64.ActiveCfg = Debug|x64
		{A0A05BCF-88C6-4D70-AEBE-FC4CB3840F2A}.Debug|x64.Build.0 = Debug|x64
		{A0A05BCF-88C6-4D70-AEBE-FC4CB3840F2A}.Debug|x86.ActiveCfg = Debug|Win32
		{A0A05BCF-88C6-4D70-AEBE-FC4CB3840F2A}.Debug|x86.Build.0 = Debug|Win32
		{A0A05BCF-88C6-4D70-AEBE-FC4CB3840F2A}.Release|x64.ActiveCfg = Release|x64
		{A0A05BCF-88C6-4D70-AEBE-FC4CB3840F2A}.Release|x64.Build.0 = Release|x64
		{A0A05BCF-88C6-4D70-AEBE-FC4CB3840F2A}.Release|x86.ActiveCfg = Release|Win32
		{A0A05BCF-88C6-4D70-AEBE-FC4CB3840F2A}.Release|x86.Build.0 = Release|Win32
	EndGlobalSection
	GlobalSection(SolutionProperties) = preSolution
		HideSolutionNode = FALSE
	EndGlobalSection
	GlobalSection(ExtensibilityGlobals) = postSolution
		SolutionGuid = {BAE2D80F-DF36-4894-819D-794B264AA519}
	EndGlobalSection
EndGlobal
